
Microsoft Visual Studio Solution File, Format Version 12.00
Project("{FAE04EC0-301F-11D3-BF4B-00C04F79EFBC}") = "WaiterService", "WaiterService\WaiterService.csproj", "{4F303CB7-5439-4E0F-9C49-76D98F4D44B2}"
EndProject
Project("{FAE04EC0-301F-11D3-BF4B-00C04F79EFBC}") = "KitchenService", "KitchenService\KitchenService.csproj", "{AD0C9B77-FB78-4D48-A41D-79144FD9C809}"
EndProject
Project("{FAE04EC0-301F-11D3-BF4B-00C04F79EFBC}") = "Contracts", "Contracts\Contracts.csproj", "{FB98C6ED-EC0F-492F-9AA8-D5F2898D5B62}"
EndProject
Global
	GlobalSection(SolutionConfigurationPlatforms) = preSolution
		Debug|Any CPU = Debug|Any CPU
		Release|Any CPU = Release|Any CPU
	EndGlobalSection
	GlobalSection(ProjectConfigurationPlatforms) = postSolution
		{4F303CB7-5439-4E0F-9C49-76D98F4D44B2}.Debug|Any CPU.ActiveCfg = Debug|Any CPU
		{4F303CB7-5439-4E0F-9C49-76D98F4D44B2}.Debug|Any CPU.Build.0 = Debug|Any CPU
		{4F303CB7-5439-4E0F-9C49-76D98F4D44B2}.Release|Any CPU.ActiveCfg = Release|Any CPU
		{4F303CB7-5439-4E0F-9C49-76D98F4D44B2}.Release|Any CPU.Build.0 = Release|Any CPU
		{AD0C9B77-FB78-4D48-A41D-79144FD9C809}.Debug|Any CPU.ActiveCfg = Debug|Any CPU
		{AD0C9B77-FB78-4D48-A41D-79144FD9C809}.Debug|Any CPU.Build.0 = Debug|Any CPU
		{AD0C9B77-FB78-4D48-A41D-79144FD9C809}.Release|Any CPU.ActiveCfg = Release|Any CPU
		{AD0C9B77-FB78-4D48-A41D-79144FD9C809}.Release|Any CPU.Build.0 = Release|Any CPU
		{FB98C6ED-EC0F-492F-9AA8-D5F2898D5B62}.Debug|Any CPU.ActiveCfg = Debug|Any CPU
		{FB98C6ED-EC0F-492F-9AA8-D5F2898D5B62}.Debug|Any CPU.Build.0 = Debug|Any CPU
		{FB98C6ED-EC0F-492F-9AA8-D5F2898D5B62}.Release|Any CPU.ActiveCfg = Release|Any CPU
		{FB98C6ED-EC0F-492F-9AA8-D5F2898D5B62}.Release|Any CPU.Build.0 = Release|Any CPU
	EndGlobalSection
EndGlobal
